// !$*UTF8*$!
{
	archiveVersion = 1;
	classes = {
	};
	objectVersion = 50;
	objects = {

/* Begin PBXBuildFile section */
		5FCF28BB25EFD06200B1B52F /* BlursterApp.swift in Sources */ = {isa = PBXBuildFile; fileRef = 5FCF28BA25EFD06200B1B52F /* BlursterApp.swift */; };
		5FCF28BD25EFD06300B1B52F /* ContentView.swift in Sources */ = {isa = PBXBuildFile; fileRef = 5FCF28BC25EFD06200B1B52F /* ContentView.swift */; };
		5FCF28BF25EFD06300B1B52F /* Assets.xcassets in Resources */ = {isa = PBXBuildFile; fileRef = 5FCF28BE25EFD06300B1B52F /* Assets.xcassets */; };
		5FCF28C225EFD06300B1B52F /* Preview Assets.xcassets in Resources */ = {isa = PBXBuildFile; fileRef = 5FCF28C125EFD06300B1B52F /* Preview Assets.xcassets */; };
		5FCF28CB25EFD0DA00B1B52F /* ImagePicker.swift in Sources */ = {isa = PBXBuildFile; fileRef = 5FCF28CA25EFD0DA00B1B52F /* ImagePicker.swift */; };
		5FFB09F625F188B100EE859F /* ContentView+ViewModel.swift in Sources */ = {isa = PBXBuildFile; fileRef = 5FFB09F525F188B100EE859F /* ContentView+ViewModel.swift */; };
		5FFB0A0925F1961700EE859F /* UIImage+Helpers.swift in Sources */ = {isa = PBXBuildFile; fileRef = 5FFB0A0825F1961700EE859F /* UIImage+Helpers.swift */; };
		5FFC0E0B25F28534002F1379 /* DeepLabV3.mlmodel in Sources */ = {isa = PBXBuildFile; fileRef = 5FFC0E0A25F28534002F1379 /* DeepLabV3.mlmodel */; };
/* End PBXBuildFile section */

/* Begin PBXFileReference section */
		5FCF28B725EFD06200B1B52F /* Blurster.app */ = {isa = PBXFileReference; explicitFileType = wrapper.application; includeInIndex = 0; path = Blurster.app; sourceTree = BUILT_PRODUCTS_DIR; };
		5FCF28BA25EFD06200B1B52F /* BlursterApp.swift */ = {isa = PBXFileReference; lastKnownFileType = sourcecode.swift; path = BlursterApp.swift; sourceTree = "<group>"; };
		5FCF28BC25EFD06200B1B52F /* ContentView.swift */ = {isa = PBXFileReference; lastKnownFileType = sourcecode.swift; path = ContentView.swift; sourceTree = "<group>"; };
		5FCF28BE25EFD06300B1B52F /* Assets.xcassets */ = {isa = PBXFileReference; lastKnownFileType = folder.assetcatalog; path = Assets.xcassets; sourceTree = "<group>"; };
		5FCF28C125EFD06300B1B52F /* Preview Assets.xcassets */ = {isa = PBXFileReference; lastKnownFileType = folder.assetcatalog; path = "Preview Assets.xcassets"; sourceTree = "<group>"; };
		5FCF28C325EFD06300B1B52F /* Info.plist */ = {isa = PBXFileReference; lastKnownFileType = text.plist.xml; path = Info.plist; sourceTree = "<group>"; };
		5FCF28CA25EFD0DA00B1B52F /* ImagePicker.swift */ = {isa = PBXFileReference; lastKnownFileType = sourcecode.swift; path = ImagePicker.swift; sourceTree = "<group>"; };
		5FFB09F525F188B100EE859F /* ContentView+ViewModel.swift */ = {isa = PBXFileReference; lastKnownFileType = sourcecode.swift; path = "ContentView+ViewModel.swift"; sourceTree = "<group>"; };
		5FFB0A0825F1961700EE859F /* UIImage+Helpers.swift */ = {isa = PBXFileReference; lastKnownFileType = sourcecode.swift; path = "UIImage+Helpers.swift"; sourceTree = "<group>"; };
		5FFC0E0A25F28534002F1379 /* DeepLabV3.mlmodel */ = {isa = PBXFileReference; lastKnownFileType = file.mlmodel; path = DeepLabV3.mlmodel; sourceTree = "<group>"; };
/* End PBXFileReference section */

/* Begin PBXFrameworksBuildPhase section */
		5FCF28B425EFD06200B1B52F /* Frameworks */ = {
			isa = PBXFrameworksBuildPhase;
			buildActionMask = 2147483647;
			files = (
			);
			runOnlyForDeploymentPostprocessing = 0;
		};
/* End PBXFrameworksBuildPhase section */

/* Begin PBXGroup section */
		5FCF28AE25EFD06200B1B52F = {
			isa = PBXGroup;
			children = (
				5FCF28B925EFD06200B1B52F /* Blurster */,
				5FCF28B825EFD06200B1B52F /* Products */,
			);
			sourceTree = "<group>";
		};
		5FCF28B825EFD06200B1B52F /* Products */ = {
			isa = PBXGroup;
			children = (
				5FCF28B725EFD06200B1B52F /* Blurster.app */,
			);
			name = Products;
			sourceTree = "<group>";
		};
		5FCF28B925EFD06200B1B52F /* Blurster */ = {
			isa = PBXGroup;
			children = (
				5FCF28D225EFD5BE00B1B52F /* MLModels */,
				5FCF28BE25EFD06300B1B52F /* Assets.xcassets */,
				5FCF28BA25EFD06200B1B52F /* BlursterApp.swift */,
				5FCF28C325EFD06300B1B52F /* Info.plist */,
				5FCF28CA25EFD0DA00B1B52F /* ImagePicker.swift */,
				5FCF28BC25EFD06200B1B52F /* ContentView.swift */,
				5FFB09F525F188B100EE859F /* ContentView+ViewModel.swift */,
				5FFB0A0825F1961700EE859F /* UIImage+Helpers.swift */,
				5FCF28C025EFD06300B1B52F /* Preview Content */,
			);
			path = Blurster;
			sourceTree = "<group>";
		};
		5FCF28C025EFD06300B1B52F /* Preview Content */ = {
			isa = PBXGroup;
			children = (
				5FCF28C125EFD06300B1B52F /* Preview Assets.xcassets */,
			);
			path = "Preview Content";
			sourceTree = "<group>";
		};
		5FCF28D225EFD5BE00B1B52F /* MLModels */ = {
			isa = PBXGroup;
			children = (
				5FFC0E0A25F28534002F1379 /* DeepLabV3.mlmodel */,
			);
			path = MLModels;
			sourceTree = "<group>";
		};
/* End PBXGroup section */

/* Begin PBXNativeTarget section */
		5FCF28B625EFD06200B1B52F /* Blurster */ = {
			isa = PBXNativeTarget;
			buildConfigurationList = 5FCF28C625EFD06300B1B52F /* Build configuration list for PBXNativeTarget "Blurster" */;
			buildPhases = (
				5FCF28B325EFD06200B1B52F /* Sources */,
				5FCF28B425EFD06200B1B52F /* Frameworks */,
				5FCF28B525EFD06200B1B52F /* Resources */,
			);
			buildRules = (
			);
			dependencies = (
			);
			name = Blurster;
			productName = Blurster;
			productReference = 5FCF28B725EFD06200B1B52F /* Blurster.app */;
			productType = "com.apple.product-type.application";
		};
/* End PBXNativeTarget section */

/* Begin PBXProject section */
		5FCF28AF25EFD06200B1B52F /* Project object */ = {
			isa = PBXProject;
			attributes = {
				LastSwiftUpdateCheck = 1240;
				LastUpgradeCheck = 1240;
				TargetAttributes = {
					5FCF28B625EFD06200B1B52F = {
						CreatedOnToolsVersion = 12.4;
					};
				};
			};
			buildConfigurationList = 5FCF28B225EFD06200B1B52F /* Build configuration list for PBXProject "Blurster" */;
			compatibilityVersion = "Xcode 9.3";
			developmentRegion = en;
			hasScannedForEncodings = 0;
			knownRegions = (
				en,
				Base,
			);
			mainGroup = 5FCF28AE25EFD06200B1B52F;
			productRefGroup = 5FCF28B825EFD06200B1B52F /* Products */;
			projectDirPath = "";
			projectRoot = "";
			targets = (
				5FCF28B625EFD06200B1B52F /* Blurster */,
			);
		};
/* End PBXProject section */

/* Begin PBXResourcesBuildPhase section */
		5FCF28B525EFD06200B1B52F /* Resources */ = {
			isa = PBXResourcesBuildPhase;
			buildActionMask = 2147483647;
			files = (
				5FCF28C225EFD06300B1B52F /* Preview Assets.xcassets in Resources */,
				5FCF28BF25EFD06300B1B52F /* Assets.xcassets in Resources */,
			);
			runOnlyForDeploymentPostprocessing = 0;
		};
/* End PBXResourcesBuildPhase section */

/* Begin PBXSourcesBuildPhase section */
		5FCF28B325EFD06200B1B52F /* Sources */ = {
			isa = PBXSourcesBuildPhase;
			buildActionMask = 2147483647;
			files = (
				5FFB09F625F188B100EE859F /* ContentView+ViewModel.swift in Sources */,
				5FCF28BD25EFD06300B1B52F /* ContentView.swift in Sources */,
				5FCF28BB25EFD06200B1B52F /* BlursterApp.swift in Sources */,
				5FFC0E0B25F28534002F1379 /* DeepLabV3.mlmodel in Sources */,
				5FCF28CB25EFD0DA00B1B52F /* ImagePicker.swift in Sources */,
				5FFB0A0925F1961700EE859F /* UIImage+Helpers.swift in Sources */,
			);
			runOnlyForDeploymentPostprocessing = 0;
		};
/* End PBXSourcesBuildPhase section */

/* Begin XCBuildConfiguration section */
		5FCF28C425EFD06300B1B52F /* Debug */ = {
			isa = XCBuildConfiguration;
			buildSettings = {
				ALWAYS_SEARCH_USER_PATHS = NO;
				CLANG_ANALYZER_NONNULL = YES;
				CLANG_ANALYZER_NUMBER_OBJECT_CONVERSION = YES_AGGRESSIVE;
				CLANG_CXX_LANGUAGE_STANDARD = "gnu++14";
				CLANG_CXX_LIBRARY = "libc++";
				CLANG_ENABLE_MODULES = YES;
				CLANG_ENABLE_OBJC_ARC = YES;
				CLANG_ENABLE_OBJC_WEAK = YES;
				CLANG_WARN_BLOCK_CAPTURE_AUTORELEASING = YES;
				CLANG_WARN_BOOL_CONVERSION = YES;
				CLANG_WARN_COMMA = YES;
				CLANG_WARN_CONSTANT_CONVERSION = YES;
				CLANG_WARN_DEPRECATED_OBJC_IMPLEMENTATIONS = YES;
				CLANG_WARN_DIRECT_OBJC_ISA_USAGE = YES_ERROR;
				CLANG_WARN_DOCUMENTATION_COMMENTS = YES;
				CLANG_WARN_EMPTY_BODY = YES;
				CLANG_WARN_ENUM_CONVERSION = YES;
				CLANG_WARN_INFINITE_RECURSION = YES;
				CLANG_WARN_INT_CONVERSION = YES;
				CLANG_WARN_NON_LITERAL_NULL_CONVERSION = YES;
				CLANG_WARN_OBJC_IMPLICIT_RETAIN_SELF = YES;
				CLANG_WARN_OBJC_LITERAL_CONVERSION = YES;
				CLANG_WARN_OBJC_ROOT_CLASS = YES_ERROR;
				CLANG_WARN_QUOTED_INCLUDE_IN_FRAMEWORK_HEADER = YES;
				CLANG_WARN_RANGE_LOOP_ANALYSIS = YES;
				CLANG_WARN_STRICT_PROTOTYPES = YES;
				CLANG_WARN_SUSPICIOUS_MOVE = YES;
				CLANG_WARN_UNGUARDED_AVAILABILITY = YES_AGGRESSIVE;
				CLANG_WARN_UNREACHABLE_CODE = YES;
				CLANG_WARN__DUPLICATE_METHOD_MATCH = YES;
				COPY_PHASE_STRIP = NO;
				DEBUG_INFORMATION_FORMAT = dwarf;
				ENABLE_STRICT_OBJC_MSGSEND = YES;
				ENABLE_TESTABILITY = YES;
				GCC_C_LANGUAGE_STANDARD = gnu11;
				GCC_DYNAMIC_NO_PIC = NO;
				GCC_NO_COMMON_BLOCKS = YES;
				GCC_OPTIMIZATION_LEVEL = 0;
				GCC_PREPROCESSOR_DEFINITIONS = (
					"DEBUG=1",
					"$(inherited)",
				);
				GCC_WARN_64_TO_32_BIT_CONVERSION = YES;
				GCC_WARN_ABOUT_RETURN_TYPE = YES_ERROR;
				GCC_WARN_UNDECLARED_SELECTOR = YES;
				GCC_WARN_UNINITIALIZED_AUTOS = YES_AGGRESSIVE;
				GCC_WARN_UNUSED_FUNCTION = YES;
				GCC_WARN_UNUSED_VARIABLE = YES;
				IPHONEOS_DEPLOYMENT_TARGET = 14.4;
				MTL_ENABLE_DEBUG_INFO = INCLUDE_SOURCE;
				MTL_FAST_MATH = YES;
				ONLY_ACTIVE_ARCH = YES;
				SDKROOT = iphoneos;
				SWIFT_ACTIVE_COMPILATION_CONDITIONS = DEBUG;
				SWIFT_OPTIMIZATION_LEVEL = "-Onone";
			};
			name = Debug;
		};
		5FCF28C525EFD06300B1B52F /* Release */ = {
			isa = XCBuildConfiguration;
			buildSettings = {
				ALWAYS_SEARCH_USER_PATHS = NO;
				CLANG_ANALYZER_NONNULL = YES;
				CLANG_ANALYZER_NUMBER_OBJECT_CONVERSION = YES_AGGRESSIVE;
				CLANG_CXX_LANGUAGE_STANDARD = "gnu++14";
				CLANG_CXX_LIBRARY = "libc++";
				CLANG_ENABLE_MODULES = YES;
				CLANG_ENABLE_OBJC_ARC = YES;
				CLANG_ENABLE_OBJC_WEAK = YES;
				CLANG_WARN_BLOCK_CAPTURE_AUTORELEASING = YES;
				CLANG_WARN_BOOL_CONVERSION = YES;
				CLANG_WARN_COMMA = YES;
				CLANG_WARN_CONSTANT_CONVERSION = YES;
				CLANG_WARN_DEPRECATED_OBJC_IMPLEMENTATIONS = YES;
				CLANG_WARN_DIRECT_OBJC_ISA_USAGE = YES_ERROR;
				CLANG_WARN_DOCUMENTATION_COMMENTS = YES;
				CLANG_WARN_EMPTY_BODY = YES;
				CLANG_WARN_ENUM_CONVERSION = YES;
				CLANG_WARN_INFINITE_RECURSION = YES;
				CLANG_WARN_INT_CONVERSION = YES;
				CLANG_WARN_NON_LITERAL_NULL_CONVERSION = YES;
				CLANG_WARN_OBJC_IMPLICIT_RETAIN_SELF = YES;
				CLANG_WARN_OBJC_LITERAL_CONVERSION = YES;
				CLANG_WARN_OBJC_ROOT_CLASS = YES_ERROR;
				CLANG_WARN_QUOTED_INCLUDE_IN_FRAMEWORK_HEADER = YES;
				CLANG_WARN_RANGE_LOOP_ANALYSIS = YES;
				CLANG_WARN_STRICT_PROTOTYPES = YES;
				CLANG_WARN_SUSPICIOUS_MOVE = YES;
				CLANG_WARN_UNGUARDED_AVAILABILITY = YES_AGGRESSIVE;
				CLANG_WARN_UNREACHABLE_CODE = YES;
				CLANG_WARN__DUPLICATE_METHOD_MATCH = YES;
				COPY_PHASE_STRIP = NO;
				DEBUG_INFORMATION_FORMAT = "dwarf-with-dsym";
				ENABLE_NS_ASSERTIONS = NO;
				ENABLE_STRICT_OBJC_MSGSEND = YES;
				GCC_C_LANGUAGE_STANDARD = gnu11;
				GCC_NO_COMMON_BLOCKS = YES;
				GCC_WARN_64_TO_32_BIT_CONVERSION = YES;
				GCC_WARN_ABOUT_RETURN_TYPE = YES_ERROR;
				GCC_WARN_UNDECLARED_SELECTOR = YES;
				GCC_WARN_UNINITIALIZED_AUTOS = YES_AGGRESSIVE;
				GCC_WARN_UNUSED_FUNCTION = YES;
				GCC_WARN_UNUSED_VARIABLE = YES;
				IPHONEOS_DEPLOYMENT_TARGET = 14.4;
				MTL_ENABLE_DEBUG_INFO = NO;
				MTL_FAST_MATH = YES;
				SDKROOT = iphoneos;
				SWIFT_COMPILATION_MODE = wholemodule;
				SWIFT_OPTIMIZATION_LEVEL = "-O";
				VALIDATE_PRODUCT = YES;
			};
			name = Release;
		};
		5FCF28C725EFD06300B1B52F /* Debug */ = {
			isa = XCBuildConfiguration;
			buildSettings = {
				ASSETCATALOG_COMPILER_APPICON_NAME = AppIcon;
				ASSETCATALOG_COMPILER_GLOBAL_ACCENT_COLOR_NAME = AccentColor;
				CODE_SIGN_STYLE = Manual;
				DEVELOPMENT_ASSET_PATHS = "\"Blurster/Preview Content\"";
				DEVELOPMENT_TEAM = "";
				ENABLE_PREVIEWS = YES;
				INFOPLIST_FILE = Blurster/Info.plist;
				IPHONEOS_DEPLOYMENT_TARGET = 14.0;
				LD_RUNPATH_SEARCH_PATHS = (
					"$(inherited)",
					"@executable_path/Frameworks",
				);
				PRODUCT_BUNDLE_IDENTIFIER = alekseiklopov.Blurster;
				PRODUCT_NAME = "$(TARGET_NAME)";
				PROVISIONING_PROFILE_SPECIFIER = "";
				SWIFT_VERSION = 5.0;
				TARGETED_DEVICE_FAMILY = "1,2";
			};
			name = Debug;
		};
		5FCF28C825EFD06300B1B52F /* Release */ = {
			isa = XCBuildConfiguration;
			buildSettings = {
				ASSETCATALOG_COMPILER_APPICON_NAME = AppIcon;
				ASSETCATALOG_COMPILER_GLOBAL_ACCENT_COLOR_NAME = AccentColor;
				CODE_SIGN_STYLE = Manual;
				DEVELOPMENT_ASSET_PATHS = "\"Blurster/Preview Content\"";
				DEVELOPMENT_TEAM = "";
				ENABLE_PREVIEWS = YES;
				INFOPLIST_FILE = Blurster/Info.plist;
				IPHONEOS_DEPLOYMENT_TARGET = 14.0;
				LD_RUNPATH_SEARCH_PATHS = (
					"$(inherited)",
					"@executable_path/Frameworks",
				);
				PRODUCT_BUNDLE_IDENTIFIER = alekseiklopov.Blurster;
				PRODUCT_NAME = "$(TARGET_NAME)";
				PROVISIONING_PROFILE_SPECIFIER = "";
				SWIFT_VERSION = 5.0;
				TARGETED_DEVICE_FAMILY = "1,2";
			};
			name = Release;
		};
/* End XCBuildConfiguration section */

/* Begin XCConfigurationList section */
		5FCF28B225EFD06200B1B52F /* Build configuration list for PBXProject "Blurster" */ = {
			isa = XCConfigurationList;
			buildConfigurations = (
				5FCF28C425EFD06300B1B52F /* Debug */,
				5FCF28C525EFD06300B1B52F /* Release */,
			);
			defaultConfigurationIsVisible = 0;
			defaultConfigurationName = Release;
		};
		5FCF28C625EFD06300B1B52F /* Build configuration list for PBXNativeTarget "Blurster" */ = {
			isa = XCConfigurationList;
			buildConfigurations = (
				5FCF28C725EFD06300B1B52F /* Debug */,
				5FCF28C825EFD06300B1B52F /* Release */,
			);
			defaultConfigurationIsVisible = 0;
			defaultConfigurationName = Release;
		};
/* End XCConfigurationList section */
	};
	rootObject = 5FCF28AF25EFD06200B1B52F /* Project object */;
}
